{
  "originHash" : "5f673b8a2cd2570756ac92482a617bf085eee6641c1bdb8d84a36290d57e3a6b",
  "pins" : [
    {
      "identity" : "rxdatasources",
      "kind" : "remoteSourceControl",
      "location" : "https://github.com/RxSwiftCommunity/RxDataSources",
      "state" : {
        "revision" : "a18cee01c9ee55f04d0c7eb15c77a96c3648c88e",
        "version" : "4.0.1"
      }
    },
    {
      "identity" : "rxswift",
      "kind" : "remoteSourceControl",
      "location" : "https://github.com/ReactiveX/RxSwift",
      "state" : {
        "revision" : "b3e888b4972d9bc76495dd74d30a8c7fad4b9395",
        "version" : "5.0.1"
      }
    }
  ],
  "version" : 3
}
